Microsoft Visual Studio Solution File, Format Version 12.00
# Visual Studio 15
VisualStudioVersion = 15.0.26430.14
MinimumVisualStudioVersion = 15.0.26124.0
Project("{2150E333-8FDC-42A3-9474-1A3956D46DE8}") = "src", "src", "{29DA02BA-36D8-42C0-9D82-64B219B8E867}"
EndProject
Project("{9A19103F-16F7-4668-BE54-9A1E7A4F7556}") = "Template.Entities", "src\Template.Entities\Template.Entities.csproj", "{52A912B9-09C5-458F-AC72-28897C2D83EA}"
EndProject
Project("{9A19103F-16F7-4668-BE54-9A1E7A4F7556}") = "Template.API", "src\Template.API\Template.API.csproj", "{BF1415A3-7BC5-43DA-AA95-079BEFB9F9D9}"
EndProject
Project("{9A19103F-16F7-4668-BE54-9A1E7A4F7556}") = "Template.Client", "src\Template.Client\Template.Client.csproj", "{B808AD05-166A-4047-81AC-7A50EC63CC72}"
EndProject
Project("{9A19103F-16F7-4668-BE54-9A1E7A4F7556}") = "Template.Common", "src\Template.Common\Template.Common.csproj", "{B0B4D6E1-0358-461E-BCD9-659D4AF1C4D4}"
EndProject
Project("{9A19103F-16F7-4668-BE54-9A1E7A4F7556}") = "Template.Repositories", "src\Template.Repositories\Template.Repositories.csproj", "{C7178B0B-D097-45D1-B37D-D010B8F83220}"
EndProject
Project("{9A19103F-16F7-4668-BE54-9A1E7A4F7556}") = "Template.Services", "src\Template.Services\Template.Services.csproj", "{9CE5DF11-5D8C-4A35-82D8-8A6D76FB504A}"
EndProject
Project("{2150E333-8FDC-42A3-9474-1A3956D46DE8}") = "test", "test", "{DD8D8158-9648-4A7E-96CF-274E5B93DC86}"
EndProject
Project("{FAE04EC0-301F-11D3-BF4B-00C04F79EFBC}") = "Template.Tests", "test\Template.Tests\Template.Tests.csproj", "{3B07FDB6-7FC2-4E2B-8AAB-0F72492A82FE}"
EndProject
Global
	GlobalSection(SolutionConfigurationPlatforms) = preSolution
		Debug|Any CPU = Debug|Any CPU
		Debug|x64 = Debug|x64
		Debug|x86 = Debug|x86
		Release|Any CPU = Release|Any CPU
		Release|x64 = Release|x64
		Release|x86 = Release|x86
	EndGlobalSection
	GlobalSection(ProjectConfigurationPlatforms) = postSolution
		{52A912B9-09C5-458F-AC72-28897C2D83EA}.Debug|Any CPU.ActiveCfg = Debug|Any CPU
		{52A912B9-09C5-458F-AC72-28897C2D83EA}.Debug|Any CPU.Build.0 = Debug|Any CPU
		{52A912B9-09C5-458F-AC72-28897C2D83EA}.Debug|x64.ActiveCfg = Debug|Any CPU
		{52A912B9-09C5-458F-AC72-28897C2D83EA}.Debug|x64.Build.0 = Debug|Any CPU
		{52A912B9-09C5-458F-AC72-28897C2D83EA}.Debug|x86.ActiveCfg = Debug|Any CPU
		{52A912B9-09C5-458F-AC72-28897C2D83EA}.Debug|x86.Build.0 = Debug|Any CPU
		{52A912B9-09C5-458F-AC72-28897C2D83EA}.Release|Any CPU.ActiveCfg = Release|Any CPU
		{52A912B9-09C5-458F-AC72-28897C2D83EA}.Release|Any CPU.Build.0 = Release|Any CPU
		{52A912B9-09C5-458F-AC72-28897C2D83EA}.Release|x64.ActiveCfg = Release|Any CPU
		{52A912B9-09C5-458F-AC72-28897C2D83EA}.Release|x64.Build.0 = Release|Any CPU
		{52A912B9-09C5-458F-AC72-28897C2D83EA}.Release|x86.ActiveCfg = Release|Any CPU
		{52A912B9-09C5-458F-AC72-28897C2D83EA}.Release|x86.Build.0 = Release|Any CPU
		{BF1415A3-7BC5-43DA-AA95-079BEFB9F9D9}.Debug|Any CPU.ActiveCfg = Debug|Any CPU
		{BF1415A3-7BC5-43DA-AA95-079BEFB9F9D9}.Debug|Any CPU.Build.0 = Debug|Any CPU
		{BF1415A3-7BC5-43DA-AA95-079BEFB9F9D9}.Debug|x64.ActiveCfg = Debug|Any CPU
		{BF1415A3-7BC5-43DA-AA95-079BEFB9F9D9}.Debug|x64.Build.0 = Debug|Any CPU
		{BF1415A3-7BC5-43DA-AA95-079BEFB9F9D9}.Debug|x86.ActiveCfg = Debug|Any CPU
		{BF1415A3-7BC5-43DA-AA95-079BEFB9F9D9}.Debug|x86.Build.0 = Debug|Any CPU
		{BF1415A3-7BC5-43DA-AA95-079BEFB9F9D9}.Release|Any CPU.ActiveCfg = Release|Any CPU
		{BF1415A3-7BC5-43DA-AA95-079BEFB9F9D9}.Release|Any CPU.Build.0 = Release|Any CPU
		{BF1415A3-7BC5-43DA-AA95-079BEFB9F9D9}.Release|x64.ActiveCfg = Release|Any CPU
		{BF1415A3-7BC5-43DA-AA95-079BEFB9F9D9}.Release|x64.Build.0 = Release|Any CPU
		{BF1415A3-7BC5-43DA-AA95-079BEFB9F9D9}.Release|x86.ActiveCfg = Release|Any CPU
		{BF1415A3-7BC5-43DA-AA95-079BEFB9F9D9}.Release|x86.Build.0 = Release|Any CPU
		{B808AD05-166A-4047-81AC-7A50EC63CC72}.Debug|Any CPU.ActiveCfg = Debug|Any CPU
		{B808AD05-166A-4047-81AC-7A50EC63CC72}.Debug|Any CPU.Build.0 = Debug|Any CPU
		{B808AD05-166A-4047-81AC-7A50EC63CC72}.Debug|x64.ActiveCfg = Debug|Any CPU
		{B808AD05-166A-4047-81AC-7A50EC63CC72}.Debug|x64.Build.0 = Debug|Any CPU
		{B808AD05-166A-4047-81AC-7A50EC63CC72}.Debug|x86.ActiveCfg = Debug|Any CPU
		{B808AD05-166A-4047-81AC-7A50EC63CC72}.Debug|x86.Build.0 = Debug|Any CPU
		{B808AD05-166A-4047-81AC-7A50EC63CC72}.Release|Any CPU.ActiveCfg = Release|Any CPU
		{B808AD05-166A-4047-81AC-7A50EC63CC72}.Release|Any CPU.Build.0 = Release|Any CPU
		{B808AD05-166A-4047-81AC-7A50EC63CC72}.Release|x64.ActiveCfg = Release|Any CPU
		{B808AD05-166A-4047-81AC-7A50EC63CC72}.Release|x64.Build.0 = Release|Any CPU
		{B808AD05-166A-4047-81AC-7A50EC63CC72}.Release|x86.ActiveCfg = Release|Any CPU
		{B808AD05-166A-4047-81AC-7A50EC63CC72}.Release|x86.Build.0 = Release|Any CPU
		{B0B4D6E1-0358-461E-BCD9-659D4AF1C4D4}.Debug|Any CPU.ActiveCfg = Debug|Any CPU
		{B0B4D6E1-0358-461E-BCD9-659D4AF1C4D4}.Debug|Any CPU.Build.0 = Debug|Any CPU
		{B0B4D6E1-0358-461E-BCD9-659D4AF1C4D4}.Debug|x64.ActiveCfg = Debug|Any CPU
		{B0B4D6E1-0358-461E-BCD9-659D4AF1C4D4}.Debug|x64.Build.0 = Debug|Any CPU
		{B0B4D6E1-0358-461E-BCD9-659D4AF1C4D4}.Debug|x86.ActiveCfg = Debug|Any CPU
		{B0B4D6E1-0358-461E-BCD9-659D4AF1C4D4}.Debug|x86.Build.0 = Debug|Any CPU
		{B0B4D6E1-0358-461E-BCD9-659D4AF1C4D4}.Release|Any CPU.ActiveCfg = Release|Any CPU
		{B0B4D6E1-0358-461E-BCD9-659D4AF1C4D4}.Release|Any CPU.Build.0 = Release|Any CPU
		{B0B4D6E1-0358-461E-BCD9-659D4AF1C4D4}.Release|x64.ActiveCfg = Release|Any CPU
		{B0B4D6E1-0358-461E-BCD9-659D4AF1C4D4}.Release|x64.Build.0 = Release|Any CPU
		{B0B4D6E1-0358-461E-BCD9-659D4AF1C4D4}.Release|x86.ActiveCfg = Release|Any CPU
		{B0B4D6E1-0358-461E-BCD9-659D4AF1C4D4}.Release|x86.Build.0 = Release|Any CPU
		{C7178B0B-D097-45D1-B37D-D010B8F83220}.Debug|Any CPU.ActiveCfg = Debug|Any CPU
		{C7178B0B-D097-45D1-B37D-D010B8F83220}.Debug|Any CPU.Build.0 = Debug|Any CPU
		{C7178B0B-D097-45D1-B37D-D010B8F83220}.Debug|x64.ActiveCfg = Debug|Any CPU
		{C7178B0B-D097-45D1-B37D-D010B8F83220}.Debug|x64.Build.0 = Debug|Any CPU
		{C7178B0B-D097-45D1-B37D-D010B8F83220}.Debug|x86.ActiveCfg = Debug|Any CPU
		{C7178B0B-D097-45D1-B37D-D010B8F83220}.Debug|x86.Build.0 = Debug|Any CPU
		{C7178B0B-D097-45D1-B37D-D010B8F83220}.Release|Any CPU.ActiveCfg = Release|Any CPU
		{C7178B0B-D097-45D1-B37D-D010B8F83220}.Release|Any CPU.Build.0 = Release|Any CPU
		{C7178B0B-D097-45D1-B37D-D010B8F83220}.Release|x64.ActiveCfg = Release|Any CPU
		{C7178B0B-D097-45D1-B37D-D010B8F83220}.Release|x64.Build.0 = Release|Any CPU
		{C7178B0B-D097-45D1-B37D-D010B8F83220}.Release|x86.ActiveCfg = Release|Any CPU
		{C7178B0B-D097-45D1-B37D-D010B8F83220}.Release|x86.Build.0 = Release|Any CPU
		{9CE5DF11-5D8C-4A35-82D8-8A6D76FB504A}.Debug|Any CPU.ActiveCfg = Debug|Any CPU
		{9CE5DF11-5D8C-4A35-82D8-8A6D76FB504A}.Debug|Any CPU.Build.0 = Debug|Any CPU
		{9CE5DF11-5D8C-4A35-82D8-8A6D76FB504A}.Debug|x64.ActiveCfg = Debug|Any CPU
		{9CE5DF11-5D8C-4A35-82D8-8A6D76FB504A}.Debug|x64.Build.0 = Debug|Any CPU
		{9CE5DF11-5D8C-4A35-82D8-8A6D76FB504A}.Debug|x86.ActiveCfg = Debug|Any CPU
		{9CE5DF11-5D8C-4A35-82D8-8A6D76FB504A}.Debug|x86.Build.0 = Debug|Any CPU
		{9CE5DF11-5D8C-4A35-82D8-8A6D76FB504A}.Release|Any CPU.ActiveCfg = Release|Any CPU
		{9CE5DF11-5D8C-4A35-82D8-8A6D76FB504A}.Release|Any CPU.Build.0 = Release|Any CPU
		{9CE5DF11-5D8C-4A35-82D8-8A6D76FB504A}.Release|x64.ActiveCfg = Release|Any CPU
		{9CE5DF11-5D8C-4A35-82D8-8A6D76FB504A}.Release|x64.Build.0 = Release|Any CPU
		{9CE5DF11-5D8C-4A35-82D8-8A6D76FB504A}.Release|x86.ActiveCfg = Release|Any CPU
		{9CE5DF11-5D8C-4A35-82D8-8A6D76FB504A}.Release|x86.Build.0 = Release|Any CPU
		{3B07FDB6-7FC2-4E2B-8AAB-0F72492A82FE}.Debug|Any CPU.ActiveCfg = Debug|Any CPU
		{3B07FDB6-7FC2-4E2B-8AAB-0F72492A82FE}.Debug|Any CPU.Build.0 = Debug|Any CPU
		{3B07FDB6-7FC2-4E2B-8AAB-0F72492A82FE}.Debug|x64.ActiveCfg = Debug|x64
		{3B07FDB6-7FC2-4E2B-8AAB-0F72492A82FE}.Debug|x64.Build.0 = Debug|x64
		{3B07FDB6-7FC2-4E2B-8AAB-0F72492A82FE}.Debug|x86.ActiveCfg = Debug|x86
		{3B07FDB6-7FC2-4E2B-8AAB-0F72492A82FE}.Debug|x86.Build.0 = Debug|x86
		{3B07FDB6-7FC2-4E2B-8AAB-0F72492A82FE}.Release|Any CPU.ActiveCfg = Release|Any CPU
		{3B07FDB6-7FC2-4E2B-8AAB-0F72492A82FE}.Release|Any CPU.Build.0 = Release|Any CPU
		{3B07FDB6-7FC2-4E2B-8AAB-0F72492A82FE}.Release|x64.ActiveCfg = Release|x64
		{3B07FDB6-7FC2-4E2B-8AAB-0F72492A82FE}.Release|x64.Build.0 = Release|x64
		{3B07FDB6-7FC2-4E2B-8AAB-0F72492A82FE}.Release|x86.ActiveCfg = Release|x86
		{3B07FDB6-7FC2-4E2B-8AAB-0F72492A82FE}.Release|x86.Build.0 = Release|x86
	EndGlobalSection
	GlobalSection(SolutionProperties) = preSolution
		HideSolutionNode = FALSE
	EndGlobalSection
	GlobalSection(NestedProjects) = preSolution
		{52A912B9-09C5-458F-AC72-28897C2D83EA} = {29DA02BA-36D8-42C0-9D82-64B219B8E867}
		{BF1415A3-7BC5-43DA-AA95-079BEFB9F9D9} = {29DA02BA-36D8-42C0-9D82-64B219B8E867}
		{B808AD05-166A-4047-81AC-7A50EC63CC72} = {29DA02BA-36D8-42C0-9D82-64B219B8E867}
		{B0B4D6E1-0358-461E-BCD9-659D4AF1C4D4} = {29DA02BA-36D8-42C0-9D82-64B219B8E867}
		{C7178B0B-D097-45D1-B37D-D010B8F83220} = {29DA02BA-36D8-42C0-9D82-64B219B8E867}
		{9CE5DF11-5D8C-4A35-82D8-8A6D76FB504A} = {29DA02BA-36D8-42C0-9D82-64B219B8E867}
		{3B07FDB6-7FC2-4E2B-8AAB-0F72492A82FE} = {DD8D8158-9648-4A7E-96CF-274E5B93DC86}
	EndGlobalSection
EndGlobal
